
Microsoft Visual Studio Solution File, Format Version 12.00
# Visual Studio Version 17
VisualStudioVersion = 17.9.34902.65
MinimumVisualStudioVersion = 10.0.40219.1
Project("{FAE04EC0-301F-11D3-BF4B-00C04F79EFBC}") = "OrientationControl.Android", "OrientationControl.Android\OrientationControl.Android.csproj", "{3E501FB8-43F3-4828-99BD-268BEBCDE3F5}"
EndProject
Project("{FAE04EC0-301F-11D3-BF4B-00C04F79EFBC}") = "OrientationControl.iOS", "OrientationControl.iOS\OrientationControl.iOS.csproj", "{4A6341A9-14D3-44E3-B9B7-90FE03D9836D}"
EndProject
Project("{FAE04EC0-301F-11D3-BF4B-00C04F79EFBC}") = "OrientationControl", "OrientationControl\OrientationControl.csproj", "{D3F6B071-6E4A-4A99-87F2-1C58F0033135}"
EndProject
Global
	GlobalSection(SolutionConfigurationPlatforms) = preSolution
		Debug|Any CPU = Debug|Any CPU
		Debug|iPhone = Debug|iPhone
		Debug|iPhoneSimulator = Debug|iPhoneSimulator
		Release|Any CPU = Release|Any CPU
		Release|iPhone = Release|iPhone
		Release|iPhoneSimulator = Release|iPhoneSimulator
	EndGlobalSection
	GlobalSection(ProjectConfigurationPlatforms) = postSolution
		{3E501FB8-43F3-4828-99BD-268BEBCDE3F5}.Debug|Any CPU.ActiveCfg = Debug|Any CPU
		{3E501FB8-43F3-4828-99BD-268BEBCDE3F5}.Debug|Any CPU.Build.0 = Debug|Any CPU
		{3E501FB8-43F3-4828-99BD-268BEBCDE3F5}.Debug|Any CPU.Deploy.0 = Debug|Any CPU
		{3E501FB8-43F3-4828-99BD-268BEBCDE3F5}.Debug|iPhone.ActiveCfg = Debug|Any CPU
		{3E501FB8-43F3-4828-99BD-268BEBCDE3F5}.Debug|iPhone.Build.0 = Debug|Any CPU
		{3E501FB8-43F3-4828-99BD-268BEBCDE3F5}.Debug|iPhone.Deploy.0 = Debug|Any CPU
		{3E501FB8-43F3-4828-99BD-268BEBCDE3F5}.Debug|iPhoneSimulator.ActiveCfg = Debug|Any CPU
		{3E501FB8-43F3-4828-99BD-268BEBCDE3F5}.Debug|iPhoneSimulator.Build.0 = Debug|Any CPU
		{3E501FB8-43F3-4828-99BD-268BEBCDE3F5}.Debug|iPhoneSimulator.Deploy.0 = Debug|Any CPU
		{3E501FB8-43F3-4828-99BD-268BEBCDE3F5}.Release|Any CPU.ActiveCfg = Release|Any CPU
		{3E501FB8-43F3-4828-99BD-268BEBCDE3F5}.Release|Any CPU.Build.0 = Release|Any CPU
		{3E501FB8-43F3-4828-99BD-268BEBCDE3F5}.Release|Any CPU.Deploy.0 = Release|Any CPU
		{3E501FB8-43F3-4828-99BD-268BEBCDE3F5}.Release|iPhone.ActiveCfg = Release|Any CPU
		{3E501FB8-43F3-4828-99BD-268BEBCDE3F5}.Release|iPhone.Build.0 = Release|Any CPU
		{3E501FB8-43F3-4828-99BD-268BEBCDE3F5}.Release|iPhone.Deploy.0 = Release|Any CPU
		{3E501FB8-43F3-4828-99BD-268BEBCDE3F5}.Release|iPhoneSimulator.ActiveCfg = Release|Any CPU
		{3E501FB8-43F3-4828-99BD-268BEBCDE3F5}.Release|iPhoneSimulator.Build.0 = Release|Any CPU
		{3E501FB8-43F3-4828-99BD-268BEBCDE3F5}.Release|iPhoneSimulator.Deploy.0 = Release|Any CPU
		{4A6341A9-14D3-44E3-B9B7-90FE03D9836D}.Debug|Any CPU.ActiveCfg = Debug|iPhone
		{4A6341A9-14D3-44E3-B9B7-90FE03D9836D}.Debug|Any CPU.Build.0 = Debug|iPhone
		{4A6341A9-14D3-44E3-B9B7-90FE03D9836D}.Debug|Any CPU.Deploy.0 = Debug|iPhone
		{4A6341A9-14D3-44E3-B9B7-90FE03D9836D}.Debug|iPhone.ActiveCfg = Debug|iPhone
		{4A6341A9-14D3-44E3-B9B7-90FE03D9836D}.Debug|iPhone.Build.0 = Debug|iPhone
		{4A6341A9-14D3-44E3-B9B7-90FE03D9836D}.Debug|iPhone.Deploy.0 = Debug|iPhone
		{4A6341A9-14D3-44E3-B9B7-90FE03D9836D}.Debug|iPhoneSimulator.ActiveCfg = Debug|iPhoneSimulator
		{4A6341A9-14D3-44E3-B9B7-90FE03D9836D}.Debug|iPhoneSimulator.Build.0 = Debug|iPhoneSimulator
		{4A6341A9-14D3-44E3-B9B7-90FE03D9836D}.Debug|iPhoneSimulator.Deploy.0 = Debug|iPhoneSimulator
		{4A6341A9-14D3-44E3-B9B7-90FE03D9836D}.Release|Any CPU.ActiveCfg = Release|iPhoneSimulator
		{4A6341A9-14D3-44E3-B9B7-90FE03D9836D}.Release|Any CPU.Build.0 = Release|iPhoneSimulator
		{4A6341A9-14D3-44E3-B9B7-90FE03D9836D}.Release|Any CPU.Deploy.0 = Release|iPhoneSimulator
		{4A6341A9-14D3-44E3-B9B7-90FE03D9836D}.Release|iPhone.ActiveCfg = Release|iPhone
		{4A6341A9-14D3-44E3-B9B7-90FE03D9836D}.Release|iPhone.Build.0 = Release|iPhone
		{4A6341A9-14D3-44E3-B9B7-90FE03D9836D}.Release|iPhone.Deploy.0 = Release|iPhone
		{4A6341A9-14D3-44E3-B9B7-90FE03D9836D}.Release|iPhoneSimulator.ActiveCfg = Release|iPhoneSimulator
		{4A6341A9-14D3-44E3-B9B7-90FE03D9836D}.Release|iPhoneSimulator.Build.0 = Release|iPhoneSimulator
		{4A6341A9-14D3-44E3-B9B7-90FE03D9836D}.Release|iPhoneSimulator.Deploy.0 = Release|iPhoneSimulator
		{D3F6B071-6E4A-4A99-87F2-1C58F0033135}.Debug|Any CPU.ActiveCfg = Debug|Any CPU
		{D3F6B071-6E4A-4A99-87F2-1C58F0033135}.Debug|Any CPU.Build.0 = Debug|Any CPU
		{D3F6B071-6E4A-4A99-87F2-1C58F0033135}.Debug|Any CPU.Deploy.0 = Debug|Any CPU
		{D3F6B071-6E4A-4A99-87F2-1C58F0033135}.Debug|iPhone.ActiveCfg = Debug|Any CPU
		{D3F6B071-6E4A-4A99-87F2-1C58F0033135}.Debug|iPhone.Build.0 = Debug|Any CPU
		{D3F6B071-6E4A-4A99-87F2-1C58F0033135}.Debug|iPhone.Deploy.0 = Debug|Any CPU
		{D3F6B071-6E4A-4A99-87F2-1C58F0033135}.Debug|iPhoneSimulator.ActiveCfg = Debug|Any CPU
		{D3F6B071-6E4A-4A99-87F2-1C58F0033135}.Debug|iPhoneSimulator.Build.0 = Debug|Any CPU
		{D3F6B071-6E4A-4A99-87F2-1C58F0033135}.Debug|iPhoneSimulator.Deploy.0 = Debug|Any CPU
		{D3F6B071-6E4A-4A99-87F2-1C58F0033135}.Release|Any CPU.ActiveCfg = Release|Any CPU
		{D3F6B071-6E4A-4A99-87F2-1C58F0033135}.Release|Any CPU.Build.0 = Release|Any CPU
		{D3F6B071-6E4A-4A99-87F2-1C58F0033135}.Release|Any CPU.Deploy.0 = Release|Any CPU
		{D3F6B071-6E4A-4A99-87F2-1C58F0033135}.Release|iPhone.ActiveCfg = Release|Any CPU
		{D3F6B071-6E4A-4A99-87F2-1C58F0033135}.Release|iPhone.Build.0 = Release|Any CPU
		{D3F6B071-6E4A-4A99-87F2-1C58F0033135}.Release|iPhone.Deploy.0 = Release|Any CPU
		{D3F6B071-6E4A-4A99-87F2-1C58F0033135}.Release|iPhoneSimulator.ActiveCfg = Release|Any CPU
		{D3F6B071-6E4A-4A99-87F2-1C58F0033135}.Release|iPhoneSimulator.Build.0 = Release|Any CPU
		{D3F6B071-6E4A-4A99-87F2-1C58F0033135}.Release|iPhoneSimulator.Deploy.0 = Release|Any CPU
	EndGlobalSection
	GlobalSection(SolutionProperties) = preSolution
		HideSolutionNode = FALSE
	EndGlobalSection
	GlobalSection(ExtensibilityGlobals) = postSolution
		SolutionGuid = {B75ACE90-C8CD-4B54-A435-E090DC29B38D}
	EndGlobalSection
EndGlobal
